
Microsoft Visual Studio Solution File, Format Version 12.00
# Visual Studio Version 17
VisualStudioVersion = 17.7.34018.315
MinimumVisualStudioVersion = 10.0.40219.1
Project("{FAE04EC0-301F-11D3-BF4B-00C04F79EFBC}") = "WoodPelletLib", "WoodPelletLib\WoodPelletLib.csproj", "{2D014360-7659-4AB4-9EC3-30D8CEDA0791}"
EndProject
Project("{FAE04EC0-301F-11D3-BF4B-00C04F79EFBC}") = "WoodPelletLibTests", "WoodPelletLibTests\WoodPelletLibTests.csproj", "{2FFDF373-AD4A-4C26-AB9B-F63772703419}"
EndProject
Global
	GlobalSection(SolutionConfigurationPlatforms) = preSolution
		Debug|Any CPU = Debug|Any CPU
		Release|Any CPU = Release|Any CPU
	EndGlobalSection
	GlobalSection(ProjectConfigurationPlatforms) = postSolution
		{2D014360-7659-4AB4-9EC3-30D8CEDA0791}.Debug|Any CPU.ActiveCfg = Debug|Any CPU
		{2D014360-7659-4AB4-9EC3-30D8CEDA0791}.Debug|Any CPU.Build.0 = Debug|Any CPU
		{2D014360-7659-4AB4-9EC3-30D8CEDA0791}.Release|Any CPU.ActiveCfg = Release|Any CPU
		{2D014360-7659-4AB4-9EC3-30D8CEDA0791}.Release|Any CPU.Build.0 = Release|Any CPU
		{2FFDF373-AD4A-4C26-AB9B-F63772703419}.Debug|Any CPU.ActiveCfg = Debug|Any CPU
		{2FFDF373-AD4A-4C26-AB9B-F63772703419}.Debug|Any CPU.Build.0 = Debug|Any CPU
		{2FFDF373-AD4A-4C26-AB9B-F63772703419}.Release|Any CPU.ActiveCfg = Release|Any CPU
		{2FFDF373-AD4A-4C26-AB9B-F63772703419}.Release|Any CPU.Build.0 = Release|Any CPU
	EndGlobalSection
	GlobalSection(SolutionProperties) = preSolution
		HideSolutionNode = FALSE
	EndGlobalSection
	GlobalSection(ExtensibilityGlobals) = postSolution
		SolutionGuid = {E237B39A-CC5D-4886-90D7-BF355B1451F9}
	EndGlobalSection
EndGlobal
